
Microsoft Visual Studio Solution File, Format Version 12.00
# Visual Studio Version 17
VisualStudioVersion = 17.13.35931.197 d17.13
MinimumVisualStudioVersion = 10.0.40219.1
Project("{FAE04EC0-301F-11D3-BF4B-00C04F79EFBC}") = "Hyr.AccToSql", "Hyr.AccToSql.csproj", "{7CD16355-F504-4E9F-A890-685B67B80087}"
EndProject
Global
	GlobalSection(SolutionConfigurationPlatforms) = preSolution
		Debug|Any CPU = Debug|Any CPU
		Release|Any CPU = Release|Any CPU
	EndGlobalSection
	GlobalSection(ProjectConfigurationPlatforms) = postSolution
		{7CD16355-F504-4E9F-A890-685B67B80087}.Debug|Any CPU.ActiveCfg = Debug|Any CPU
		{7CD16355-F504-4E9F-A890-685B67B80087}.Debug|Any CPU.Build.0 = Debug|Any CPU
		{7CD16355-F504-4E9F-A890-685B67B80087}.Release|Any CPU.ActiveCfg = Release|Any CPU
		{7CD16355-F504-4E9F-A890-685B67B80087}.Release|Any CPU.Build.0 = Release|Any CPU
	EndGlobalSection
	GlobalSection(SolutionProperties) = preSolution
		HideSolutionNode = FALSE
	EndGlobalSection
	GlobalSection(ExtensibilityGlobals) = postSolution
		SolutionGuid = {6C67021A-DE9E-4906-AEDE-0C5332D85946}
	EndGlobalSection
EndGlobal
